
Microsoft Visual Studio Solution File, Format Version 12.00
# Visual Studio 14
VisualStudioVersion = 14.0.25420.1
MinimumVisualStudioVersion = 10.0.40219.1
Project("{FAE04EC0-301F-11D3-BF4B-00C04F79EFBC}") = "Movies", "Movies\Movies.csproj", "{C3E26A20-F91C-4852-A2FB-D2C7A9B4217A}"
EndProject
Project("{FAE04EC0-301F-11D3-BF4B-00C04F79EFBC}") = "DataModel", "DataModel\DataModel.csproj", "{C646598D-0737-4A01-9B51-DF0D10AAED92}"
EndProject
Global
	GlobalSection(SolutionConfigurationPlatforms) = preSolution
		Debug|Any CPU = Debug|Any CPU
		Release|Any CPU = Release|Any CPU
	EndGlobalSection
	GlobalSection(ProjectConfigurationPlatforms) = postSolution
		{C3E26A20-F91C-4852-A2FB-D2C7A9B4217A}.Debug|Any CPU.ActiveCfg = Debug|Any CPU
		{C3E26A20-F91C-4852-A2FB-D2C7A9B4217A}.Debug|Any CPU.Build.0 = Debug|Any CPU
		{C3E26A20-F91C-4852-A2FB-D2C7A9B4217A}.Release|Any CPU.ActiveCfg = Release|Any CPU
		{C3E26A20-F91C-4852-A2FB-D2C7A9B4217A}.Release|Any CPU.Build.0 = Release|Any CPU
		{C646598D-0737-4A01-9B51-DF0D10AAED92}.Debug|Any CPU.ActiveCfg = Debug|Any CPU
		{C646598D-0737-4A01-9B51-DF0D10AAED92}.Debug|Any CPU.Build.0 = Debug|Any CPU
		{C646598D-0737-4A01-9B51-DF0D10AAED92}.Release|Any CPU.ActiveCfg = Release|Any CPU
		{C646598D-0737-4A01-9B51-DF0D10AAED92}.Release|Any CPU.Build.0 = Release|Any CPU
	EndGlobalSection
	GlobalSection(SolutionProperties) = preSolution
		HideSolutionNode = FALSE
	EndGlobalSection
EndGlobal
